
Microsoft Visual Studio Solution File, Format Version 12.00
# Visual Studio Version 16
VisualStudioVersion = 16.0.29111.141
MinimumVisualStudioVersion = 10.0.40219.1
Project("{9A19103F-16F7-4668-BE54-9A1E7A4F7556}") = "Microsoft.Azure.Kinect.Sensor", "SDK\Microsoft.Azure.Kinect.Sensor.csproj", "{847B31D5-C253-4766-BF81-032F4670589D}"
EndProject
Project("{FAE04EC0-301F-11D3-BF4B-00C04F79EFBC}") = "Microsoft.Azure.Kinect.Sensor.WPF", "Extensions\WPF\Microsoft.Azure.Kinect.Sensor.WPF.csproj", "{4762DD42-3CF3-4742-9AEA-5D39781FD2A6}"
EndProject
Project("{FAE04EC0-301F-11D3-BF4B-00C04F79EFBC}") = "Microsoft.Azure.Kinect.Sensor.WinForms", "Extensions\WinForms\Microsoft.Azure.Kinect.Sensor.WinForms.csproj", "{618E28C5-0624-463F-9ADB-040BA5DAED68}"
EndProject
Project("{FAE04EC0-301F-11D3-BF4B-00C04F79EFBC}") = "Microsoft.Azure.Kinect.Sensor.Examples.WPFViewer", "Examples\WPF\Microsoft.Azure.Kinect.Sensor.Examples.WPFViewer.csproj", "{CCD99E9D-1EE2-41F5-AD3F-4110A466A9A4}"
EndProject
Project("{FAE04EC0-301F-11D3-BF4B-00C04F79EFBC}") = "Microsoft.Azure.Kinect.Sensor.Examples.WinForms", "Examples\WinForms\Microsoft.Azure.Kinect.Sensor.Examples.WinForms.csproj", "{8A14FB66-07CD-4E4C-A533-89DE0AFF4FCB}"
EndProject
Project("{9A19103F-16F7-4668-BE54-9A1E7A4F7556}") = "Microsoft.Azure.Kinect.Sensor.UnitTests", "Tests\UnitTests\Microsoft.Azure.Kinect.Sensor.UnitTests.csproj", "{6D4EC05A-3A81-4B92-8881-96F499F5986B}"
EndProject
Project("{9A19103F-16F7-4668-BE54-9A1E7A4F7556}") = "Microsoft.Azure.Kinect.Sensor.FunctionalTests", "Tests\FunctionalTests\Microsoft.Azure.Kinect.Sensor.FunctionalTests.csproj", "{41510BD0-7F25-470B-A1DC-12E1DB1AB3B7}"
EndProject
Project("{2150E333-8FDC-42A3-9474-1A3956D46DE8}") = "StubGenerator", "StubGenerator", "{5C3A9F92-56B4-4A7B-86EC-BACBE07C5AAE}"
EndProject
Project("{9A19103F-16F7-4668-BE54-9A1E7A4F7556}") = "Microsoft.Azure.Kinect.Sensor.Test.StubGenerator", "Tests\StubGenerator\Microsoft.Azure.Kinect.Sensor.Test.StubGenerator.csproj", "{FCD1E629-1E96-4BDD-A247-35B50F31137A}"
EndProject
Project("{9A19103F-16F7-4668-BE54-9A1E7A4F7556}") = "Microsoft.Azure.Kinect.Sensor.Test.StubGenerator.UnitTests", "Tests\StubGenerator.UnitTests\Microsoft.Azure.Kinect.Sensor.Test.StubGenerator.UnitTests.csproj", "{E1B3CC41-BC1C-47B7-A6A6-AA50E6994C05}"
EndProject
Project("{2150E333-8FDC-42A3-9474-1A3956D46DE8}") = "Tests", "Tests", "{21E41070-E020-49B0-9976-54F92B2251DD}"
EndProject
Project("{2150E333-8FDC-42A3-9474-1A3956D46DE8}") = "Solution Files", "Solution Files", "{118BF8E1-C662-4852-955F-22DC68BB95CC}"
	ProjectSection(SolutionItems) = preProject
		.editorconfig = .editorconfig
		.gitignore = .gitignore
		AzureKinectSensorSDK.ruleset = AzureKinectSensorSDK.ruleset
		k4a.props = k4a.props
		Microsoft.Azure.Kinect.Sensor.snk = Microsoft.Azure.Kinect.Sensor.snk
		stylecop.json = stylecop.json
		VersionInfo.cs = VersionInfo.cs
	EndProjectSection
EndProject
Project("{2150E333-8FDC-42A3-9474-1A3956D46DE8}") = "Examples", "Examples", "{D946946D-56B5-4F64-B4FC-5C79F15295C4}"
EndProject
Project("{2150E333-8FDC-42A3-9474-1A3956D46DE8}") = "Extensions", "Extensions", "{94E07BE5-5E5C-488B-A5CD-0D7D9EBCC725}"
EndProject
Project("{9A19103F-16F7-4668-BE54-9A1E7A4F7556}") = "Microsoft.Azure.Kinect.Sensor.Examples.Recording", "Examples\Recording\Microsoft.Azure.Kinect.Sensor.Examples.Recording.csproj", "{568BBB67-4EE0-4A0D-AD69-5D10386E2D40}"
EndProject
Project("{9A19103F-16F7-4668-BE54-9A1E7A4F7556}") = "Microsoft.Azure.Kinect.Sensor.Record", "Record\Microsoft.Azure.Kinect.Sensor.Record.csproj", "{71EAC57F-4023-4B45-8F9E-4A7C05A6BDB3}"
EndProject
Global
	GlobalSection(SolutionConfigurationPlatforms) = preSolution
		Debug|x64 = Debug|x64
		Debug|x86 = Debug|x86
		Release|x64 = Release|x64
		Release|x86 = Release|x86
	EndGlobalSection
	GlobalSection(ProjectConfigurationPlatforms) = postSolution
		{847B31D5-C253-4766-BF81-032F4670589D}.Debug|x64.ActiveCfg = Debug|Any CPU
		{847B31D5-C253-4766-BF81-032F4670589D}.Debug|x64.Build.0 = Debug|Any CPU
		{847B31D5-C253-4766-BF81-032F4670589D}.Debug|x86.ActiveCfg = Debug|Any CPU
		{847B31D5-C253-4766-BF81-032F4670589D}.Debug|x86.Build.0 = Debug|Any CPU
		{847B31D5-C253-4766-BF81-032F4670589D}.Release|x64.ActiveCfg = Release|Any CPU
		{847B31D5-C253-4766-BF81-032F4670589D}.Release|x64.Build.0 = Release|Any CPU
		{847B31D5-C253-4766-BF81-032F4670589D}.Release|x86.ActiveCfg = Release|Any CPU
		{847B31D5-C253-4766-BF81-032F4670589D}.Release|x86.Build.0 = Release|Any CPU
		{4762DD42-3CF3-4742-9AEA-5D39781FD2A6}.Debug|x64.ActiveCfg = Debug|Any CPU
		{4762DD42-3CF3-4742-9AEA-5D39781FD2A6}.Debug|x64.Build.0 = Debug|Any CPU
		{4762DD42-3CF3-4742-9AEA-5D39781FD2A6}.Debug|x86.ActiveCfg = Debug|Any CPU
		{4762DD42-3CF3-4742-9AEA-5D39781FD2A6}.Debug|x86.Build.0 = Debug|Any CPU
		{4762DD42-3CF3-4742-9AEA-5D39781FD2A6}.Release|x64.ActiveCfg = Release|Any CPU
		{4762DD42-3CF3-4742-9AEA-5D39781FD2A6}.Release|x64.Build.0 = Release|Any CPU
		{4762DD42-3CF3-4742-9AEA-5D39781FD2A6}.Release|x86.ActiveCfg = Release|Any CPU
		{4762DD42-3CF3-4742-9AEA-5D39781FD2A6}.Release|x86.Build.0 = Release|Any CPU
		{618E28C5-0624-463F-9ADB-040BA5DAED68}.Debug|x64.ActiveCfg = Debug|Any CPU
		{618E28C5-0624-463F-9ADB-040BA5DAED68}.Debug|x64.Build.0 = Debug|Any CPU
		{618E28C5-0624-463F-9ADB-040BA5DAED68}.Debug|x86.ActiveCfg = Debug|Any CPU
		{618E28C5-0624-463F-9ADB-040BA5DAED68}.Debug|x86.Build.0 = Debug|Any CPU
		{618E28C5-0624-463F-9ADB-040BA5DAED68}.Release|x64.ActiveCfg = Release|Any CPU
		{618E28C5-0624-463F-9ADB-040BA5DAED68}.Release|x64.Build.0 = Release|Any CPU
		{618E28C5-0624-463F-9ADB-040BA5DAED68}.Release|x86.ActiveCfg = Release|Any CPU
		{618E28C5-0624-463F-9ADB-040BA5DAED68}.Release|x86.Build.0 = Release|Any CPU
		{CCD99E9D-1EE2-41F5-AD3F-4110A466A9A4}.Debug|x64.ActiveCfg = Debug|x64
		{CCD99E9D-1EE2-41F5-AD3F-4110A466A9A4}.Debug|x64.Build.0 = Debug|x64
		{CCD99E9D-1EE2-41F5-AD3F-4110A466A9A4}.Debug|x86.ActiveCfg = Debug|x86
		{CCD99E9D-1EE2-41F5-AD3F-4110A466A9A4}.Debug|x86.Build.0 = Debug|x86
		{CCD99E9D-1EE2-41F5-AD3F-4110A466A9A4}.Release|x64.ActiveCfg = Release|x64
		{CCD99E9D-1EE2-41F5-AD3F-4110A466A9A4}.Release|x64.Build.0 = Release|x64
		{CCD99E9D-1EE2-41F5-AD3F-4110A466A9A4}.Release|x86.ActiveCfg = Release|x86
		{CCD99E9D-1EE2-41F5-AD3F-4110A466A9A4}.Release|x86.Build.0 = Release|x86
		{8A14FB66-07CD-4E4C-A533-89DE0AFF4FCB}.Debug|x64.ActiveCfg = Debug|x64
		{8A14FB66-07CD-4E4C-A533-89DE0AFF4FCB}.Debug|x64.Build.0 = Debug|x64
		{8A14FB66-07CD-4E4C-A533-89DE0AFF4FCB}.Debug|x86.ActiveCfg = Debug|x86
		{8A14FB66-07CD-4E4C-A533-89DE0AFF4FCB}.Debug|x86.Build.0 = Debug|x86
		{8A14FB66-07CD-4E4C-A533-89DE0AFF4FCB}.Release|x64.ActiveCfg = Release|x64
		{8A14FB66-07CD-4E4C-A533-89DE0AFF4FCB}.Release|x64.Build.0 = Release|x64
		{8A14FB66-07CD-4E4C-A533-89DE0AFF4FCB}.Release|x86.ActiveCfg = Release|x86
		{8A14FB66-07CD-4E4C-A533-89DE0AFF4FCB}.Release|x86.Build.0 = Release|x86
		{6D4EC05A-3A81-4B92-8881-96F499F5986B}.Debug|x64.ActiveCfg = Debug|x64
		{6D4EC05A-3A81-4B92-8881-96F499F5986B}.Debug|x64.Build.0 = Debug|x64
		{6D4EC05A-3A81-4B92-8881-96F499F5986B}.Debug|x86.ActiveCfg = Debug|x86
		{6D4EC05A-3A81-4B92-8881-96F499F5986B}.Debug|x86.Build.0 = Debug|x86
		{6D4EC05A-3A81-4B92-8881-96F499F5986B}.Release|x64.ActiveCfg = Release|x64
		{6D4EC05A-3A81-4B92-8881-96F499F5986B}.Release|x64.Build.0 = Release|x64
		{6D4EC05A-3A81-4B92-8881-96F499F5986B}.Release|x86.ActiveCfg = Release|x86
		{6D4EC05A-3A81-4B92-8881-96F499F5986B}.Release|x86.Build.0 = Release|x86
		{41510BD0-7F25-470B-A1DC-12E1DB1AB3B7}.Debug|x64.ActiveCfg = Debug|x64
		{41510BD0-7F25-470B-A1DC-12E1DB1AB3B7}.Debug|x64.Build.0 = Debug|x64
		{41510BD0-7F25-470B-A1DC-12E1DB1AB3B7}.Debug|x86.ActiveCfg = Debug|x86
		{41510BD0-7F25-470B-A1DC-12E1DB1AB3B7}.Debug|x86.Build.0 = Debug|x86
		{41510BD0-7F25-470B-A1DC-12E1DB1AB3B7}.Release|x64.ActiveCfg = Release|x64
		{41510BD0-7F25-470B-A1DC-12E1DB1AB3B7}.Release|x64.Build.0 = Release|x64
		{41510BD0-7F25-470B-A1DC-12E1DB1AB3B7}.Release|x86.ActiveCfg = Release|x86
		{41510BD0-7F25-470B-A1DC-12E1DB1AB3B7}.Release|x86.Build.0 = Release|x86
		{FCD1E629-1E96-4BDD-A247-35B50F31137A}.Debug|x64.ActiveCfg = Debug|Any CPU
		{FCD1E629-1E96-4BDD-A247-35B50F31137A}.Debug|x64.Build.0 = Debug|Any CPU
		{FCD1E629-1E96-4BDD-A247-35B50F31137A}.Debug|x86.ActiveCfg = Debug|Any CPU
		{FCD1E629-1E96-4BDD-A247-35B50F31137A}.Debug|x86.Build.0 = Debug|Any CPU
		{FCD1E629-1E96-4BDD-A247-35B50F31137A}.Release|x64.ActiveCfg = Release|Any CPU
		{FCD1E629-1E96-4BDD-A247-35B50F31137A}.Release|x64.Build.0 = Release|Any CPU
		{FCD1E629-1E96-4BDD-A247-35B50F31137A}.Release|x86.ActiveCfg = Release|Any CPU
		{FCD1E629-1E96-4BDD-A247-35B50F31137A}.Release|x86.Build.0 = Release|Any CPU
		{E1B3CC41-BC1C-47B7-A6A6-AA50E6994C05}.Debug|x64.ActiveCfg = Debug|x64
		{E1B3CC41-BC1C-47B7-A6A6-AA50E6994C05}.Debug|x64.Build.0 = Debug|x64
		{E1B3CC41-BC1C-47B7-A6A6-AA50E6994C05}.Debug|x86.ActiveCfg = Debug|x86
		{E1B3CC41-BC1C-47B7-A6A6-AA50E6994C05}.Debug|x86.Build.0 = Debug|x86
		{E1B3CC41-BC1C-47B7-A6A6-AA50E6994C05}.Release|x64.ActiveCfg = Release|x64
		{E1B3CC41-BC1C-47B7-A6A6-AA50E6994C05}.Release|x64.Build.0 = Release|x64
		{E1B3CC41-BC1C-47B7-A6A6-AA50E6994C05}.Release|x86.ActiveCfg = Release|x86
		{E1B3CC41-BC1C-47B7-A6A6-AA50E6994C05}.Release|x86.Build.0 = Release|x86
		{568BBB67-4EE0-4A0D-AD69-5D10386E2D40}.Debug|x64.ActiveCfg = Debug|Any CPU
		{568BBB67-4EE0-4A0D-AD69-5D10386E2D40}.Debug|x64.Build.0 = Debug|Any CPU
		{568BBB67-4EE0-4A0D-AD69-5D10386E2D40}.Debug|x86.ActiveCfg = Debug|Any CPU
		{568BBB67-4EE0-4A0D-AD69-5D10386E2D40}.Debug|x86.Build.0 = Debug|Any CPU
		{568BBB67-4EE0-4A0D-AD69-5D10386E2D40}.Release|x64.ActiveCfg = Release|Any CPU
		{568BBB67-4EE0-4A0D-AD69-5D10386E2D40}.Release|x64.Build.0 = Release|Any CPU
		{568BBB67-4EE0-4A0D-AD69-5D10386E2D40}.Release|x86.ActiveCfg = Release|Any CPU
		{568BBB67-4EE0-4A0D-AD69-5D10386E2D40}.Release|x86.Build.0 = Release|Any CPU
		{71EAC57F-4023-4B45-8F9E-4A7C05A6BDB3}.Debug|x64.ActiveCfg = Debug|Any CPU
		{71EAC57F-4023-4B45-8F9E-4A7C05A6BDB3}.Debug|x64.Build.0 = Debug|Any CPU
		{71EAC57F-4023-4B45-8F9E-4A7C05A6BDB3}.Debug|x86.ActiveCfg = Debug|Any CPU
		{71EAC57F-4023-4B45-8F9E-4A7C05A6BDB3}.Debug|x86.Build.0 = Debug|Any CPU
		{71EAC57F-4023-4B45-8F9E-4A7C05A6BDB3}.Release|x64.ActiveCfg = Release|Any CPU
		{71EAC57F-4023-4B45-8F9E-4A7C05A6BDB3}.Release|x64.Build.0 = Release|Any CPU
		{71EAC57F-4023-4B45-8F9E-4A7C05A6BDB3}.Release|x86.ActiveCfg = Release|Any CPU
		{71EAC57F-4023-4B45-8F9E-4A7C05A6BDB3}.Release|x86.Build.0 = Release|Any CPU
	EndGlobalSection
	GlobalSection(SolutionProperties) = preSolution
		HideSolutionNode = FALSE
	EndGlobalSection
	GlobalSection(NestedProjects) = preSolution
		{4762DD42-3CF3-4742-9AEA-5D39781FD2A6} = {94E07BE5-5E5C-488B-A5CD-0D7D9EBCC725}
		{618E28C5-0624-463F-9ADB-040BA5DAED68} = {94E07BE5-5E5C-488B-A5CD-0D7D9EBCC725}
		{CCD99E9D-1EE2-41F5-AD3F-4110A466A9A4} = {D946946D-56B5-4F64-B4FC-5C79F15295C4}
		{8A14FB66-07CD-4E4C-A533-89DE0AFF4FCB} = {D946946D-56B5-4F64-B4FC-5C79F15295C4}
		{6D4EC05A-3A81-4B92-8881-96F499F5986B} = {21E41070-E020-49B0-9976-54F92B2251DD}
		{41510BD0-7F25-470B-A1DC-12E1DB1AB3B7} = {21E41070-E020-49B0-9976-54F92B2251DD}
		{5C3A9F92-56B4-4A7B-86EC-BACBE07C5AAE} = {21E41070-E020-49B0-9976-54F92B2251DD}
		{FCD1E629-1E96-4BDD-A247-35B50F31137A} = {5C3A9F92-56B4-4A7B-86EC-BACBE07C5AAE}
		{E1B3CC41-BC1C-47B7-A6A6-AA50E6994C05} = {5C3A9F92-56B4-4A7B-86EC-BACBE07C5AAE}
		{568BBB67-4EE0-4A0D-AD69-5D10386E2D40} = {D946946D-56B5-4F64-B4FC-5C79F15295C4}
	EndGlobalSection
	GlobalSection(ExtensibilityGlobals) = postSolution
		SolutionGuid = {9BC05C93-252F-4030-ACA6-41B4B54F9C86}
	EndGlobalSection
EndGlobal
